<?xml version="1.0" encoding="utf-8"?>
<Project ToolsVersion="4.0" xmlns="http://schemas.microsoft.com/developer/msbuild/2003">
  <ItemGroup>
    <Filter Include="Source Files">
      <UniqueIdentifier>{4FC737F1-C7A5-4376-A066-2A32D752A2FF}</UniqueIdentifier>
      <Extensions>cpp;c;cc;cxx;c++;cppm;ixx;def;odl;idl;hpj;bat;asm;asmx</Extensions>
    </Filter>
    <Filter Include="Resources">
      <UniqueIdentifier>{67DA6AB6-F800-4c08-8B7A-83BB121AAD01}</UniqueIdentifier>
      <Extensions>rc;ico;cur;bmp;dlg;rc2;rct;bin;rgs;gif;jpg;jpeg;jpe;resx;tiff;tif;png;wav;mfcribbon-ms</Extensions>
    </Filter>
    <Filter Include="Source Files\GameComponent">
      <UniqueIdentifier>{300f8567-7bde-4f00-a5f7-99bb164e15ba}</UniqueIdentifier>
    </Filter>
  </ItemGroup>
  <ItemGroup>
    <ClCompile Include="Main.cpp">
      <Filter>Source Files</Filter>
    </ClCompile>
    <ClCompile Include="Game.cpp">
      <Filter>Source Files</Filter>
    </ClCompile>
    <ClCompile Include="GameComponent\PlayerComponent.cpp">
      <Filter>Source Files\GameComponent</Filter>
    </ClCompile>
    <ClCompile Include="GameComponent\EnemyComponent.cpp">
      <Filter>Source Files\GameComponent</Filter>
    </ClCompile>
    <ClCompile Include="GameComponent\AudioComponent.cpp">
      <Filter>Source Files\GameComponent</Filter>
    </ClCompile>
    <ClCompile Include="GameComponent\TextComponent.cpp">
      <Filter>Source Files\GameComponent</Filter>
    </ClCompile>
    <ClCompile Include="GameComponent\PickupComponent.cpp">
      <Filter>Source Files\GameComponent</Filter>
    </ClCompile>
    <ClCompile Include="GameComponent\ProjectileComponent.cpp">
      <Filter>Source Files\GameComponent</Filter>
    </ClCompile>
  </ItemGroup>
  <ItemGroup>
    <ClInclude Include="Game.h">
      <Filter>Source Files</Filter>
    </ClInclude>
    <ClInclude Include="GameComponent\PlayerComponent.h">
      <Filter>Source Files\GameComponent</Filter>
    </ClInclude>
    <ClInclude Include="GameComponent\EnemyComponent.h">
      <Filter>Source Files\GameComponent</Filter>
    </ClInclude>
    <ClInclude Include="GameComponent\AudioComponent.h">
      <Filter>Source Files\GameComponent</Filter>
    </ClInclude>
    <ClInclude Include="GameComponent\TextComponent.h">
      <Filter>Source Files\GameComponent</Filter>
    </ClInclude>
    <ClInclude Include="GameComponent\PickupComponent.h">
      <Filter>Source Files\GameComponent</Filter>
    </ClInclude>
    <ClInclude Include="GameComponent\ProjectileComponent.h">
      <Filter>Source Files\GameComponent</Filter>
    </ClInclude>
  </ItemGroup>
</Project>